
Microsoft Visual Studio Solution File, Format Version 12.00
# Visual Studio Version 17
VisualStudioVersion = 17.8.34511.84
MinimumVisualStudioVersion = 10.0.40219.1
Project("{8BC9CEB8-8B4A-11D0-8D11-00A0C91BC942}") = "pract12", "pract12.vcxproj", "{A51A8E38-608D-487D-A51C-A76EE32A0252}"
EndProject
Global
	GlobalSection(SolutionConfigurationPlatforms) = preSolution
		Debug|x64 = Debug|x64
		Debug|x86 = Debug|x86
		Release|x64 = Release|x64
		Release|x86 = Release|x86
	EndGlobalSection
	GlobalSection(ProjectConfigurationPlatforms) = postSolution
		{A51A8E38-608D-487D-A51C-A76EE32A0252}.Debug|x64.ActiveCfg = Debug|x64
		{A51A8E38-608D-487D-A51C-A76EE32A0252}.Debug|x64.Build.0 = Debug|x64
		{A51A8E38-608D-487D-A51C-A76EE32A0252}.Debug|x86.ActiveCfg = Debug|Win32
		{A51A8E38-608D-487D-A51C-A76EE32A0252}.Debug|x86.Build.0 = Debug|Win32
		{A51A8E38-608D-487D-A51C-A76EE32A0252}.Release|x64.ActiveCfg = Release|x64
		{A51A8E38-608D-487D-A51C-A76EE32A0252}.Release|x64.Build.0 = Release|x64
		{A51A8E38-608D-487D-A51C-A76EE32A0252}.Release|x86.ActiveCfg = Release|Win32
		{A51A8E38-608D-487D-A51C-A76EE32A0252}.Release|x86.Build.0 = Release|Win32
	EndGlobalSection
	GlobalSection(SolutionProperties) = preSolution
		HideSolutionNode = FALSE
	EndGlobalSection
	GlobalSection(ExtensibilityGlobals) = postSolution
		SolutionGuid = {78A794B3-E81E-4E8E-8261-D2CB3017FF86}
	EndGlobalSection
EndGlobal
